<Solution>
  <Project Path="ProductCatalog.Data/ProductCatalog.Web.Business.csproj" />
  <Project Path="ProductCatalog.Web.Tests/ProductCatalog.Web.Tests.csproj" />
  <Project Path="ProductCatalog.Web.Utility/ProductCatalog.Web.Utility.csproj" />
  <Project Path="ProductCatalog/ProductCatalog.Web.csproj" />
</Solution>
